---
lockfileVersion: 1
lockfileVendor: redhat
arches:
- arch: x86_64
  packages:
  - url: https://cdn-ubi.redhat.com/content/public/ubi/dist/ubi10/10/x86_64/appstream/os/Packages/a/apr-1.7.5-2.el10.x86_64.rpm
    repoid: ubi-10-for-x86_64-appstream-rpms
    size: 135127
    checksum: sha256:78d172a7df43492ef2f2cef911d6cb7dae9a7df1673a8a11f7825e1c21d3b0c3
    name: apr
    evr: 1.7.5-2.el10
    sourcerpm: apr-1.7.5-2.el10.src.rpm
  - url: https://cdn-ubi.redhat.com/content/public/ubi/dist/ubi10/10/x86_64/appstream/os/Packages/a/apr-util-1.6.3-21.el10.x86_64.rpm
    repoid: ubi-10-for-x86_64-appstream-rpms
    size: 103881
    checksum: sha256:7fc6733f2a2f52ba71c93ae6c6b4548192e328d123fbc9753d9c3496cc3073ce
    name: apr-util
    evr: 1.6.3-21.el10
    sourcerpm: apr-util-1.6.3-21.el10.src.rpm
  - url: https://cdn-ubi.redhat.com/content/public/ubi/dist/ubi10/10/x86_64/appstream/os/Packages/h/httpd-tools-2.4.63-4.el10.x86_64.rpm
    repoid: ubi-10-for-x86_64-appstream-rpms
    size: 84871
    checksum: sha256:f6864e10d87a89234880ba7fb54dd445ed415c1948ffba1313d38406005f7ac2
    name: httpd-tools
    evr: 2.4.63-4.el10
    sourcerpm: httpd-2.4.63-4.el10.src.rpm
  source: []
  module_metadata: []
