---
lockfileVersion: 1
lockfileVendor: redhat
arches:
- arch: x86_64
  packages:
  - url: https://cdn-ubi.redhat.com/content/public/ubi/dist/ubi10/10/x86_64/appstream/os/Packages/a/apr-1.7.5-2.el10.x86_64.rpm
    repoid: ubi-10-for-x86_64-appstream-rpms
    size: 135127
    checksum: sha256:78d172a7df43492ef2f2cef911d6cb7dae9a7df1673a8a11f7825e1c21d3b0c3
    name: apr
    evr: 1.7.5-2.el10
    sourcerpm: apr-1.7.5-2.el10.src.rpm
  - url: https://cdn-ubi.redhat.com/content/public/ubi/dist/ubi10/10/x86_64/appstream/os/Packages/a/apr-util-1.6.3-21.el10.x86_64.rpm
    repoid: ubi-10-for-x86_64-appstream-rpms
    size: 103881
    checksum: sha256:7fc6733f2a2f52ba71c93ae6c6b4548192e328d123fbc9753d9c3496cc3073ce
    name: apr-util
    evr: 1.6.3-21.el10
    sourcerpm: apr-util-1.6.3-21.el10.src.rpm
  - url: https://cdn-ubi.redhat.com/content/public/ubi/dist/ubi10/10/x86_64/appstream/os/Packages/h/httpd-tools-2.4.63-4.el10.x86_64.rpm
    repoid: ubi-10-for-x86_64-appstream-rpms
    size: 84871
    checksum: sha256:f6864e10d87a89234880ba7fb54dd445ed415c1948ffba1313d38406005f7ac2
    name: httpd-tools
    evr: 2.4.63-4.el10
    sourcerpm: httpd-2.4.63-4.el10.src.rpm
  - url: https://cdn-ubi.redhat.com/content/public/ubi/dist/ubi10/10/x86_64/baseos/os/Packages/a/alternatives-1.30-2.el10.x86_64.rpm
    repoid: ubi-10-for-x86_64-baseos-rpms
    size: 45867
    checksum: sha256:a1d7d87e90b39ad44f6d9c8b5511c6ac23e93efda8c0c11e021bd9e0ed3dec6f
    name: alternatives
    evr: 1.30-2.el10
    sourcerpm: chkconfig-1.30-2.el10.src.rpm
  - url: https://cdn-ubi.redhat.com/content/public/ubi/dist/ubi10/10/x86_64/baseos/os/Packages/a/audit-libs-4.0.3-4.el10.x86_64.rpm
    repoid: ubi-10-for-x86_64-baseos-rpms
    size: 135825
    checksum: sha256:1206563b3a505b0d361a69ce85b37a0dd0029f69961564c4c3f45ffcbe461973
    name: audit-libs
    evr: 4.0.3-4.el10
    sourcerpm: audit-4.0.3-4.el10.src.rpm
  - url: https://cdn-ubi.redhat.com/content/public/ubi/dist/ubi10/10/x86_64/baseos/os/Packages/b/basesystem-11-22.el10.noarch.rpm
    repoid: ubi-10-for-x86_64-baseos-rpms
    size: 8521
    checksum: sha256:4cfaebbb851267b545345ae246b7d7ad98f02082aeeecc95d62cdb408d742215
    name: basesystem
    evr: 11-22.el10
    sourcerpm: basesystem-11-22.el10.src.rpm
  - url: https://cdn-ubi.redhat.com/content/public/ubi/dist/ubi10/10/x86_64/baseos/os/Packages/b/bash-5.2.26-6.el10.x86_64.rpm
    repoid: ubi-10-for-x86_64-baseos-rpms
    size: 1902027
    checksum: sha256:4cf4d161e7b25f123cf9653293a02696373431c5ccfd0f94f05b23600595c00a
    name: bash
    evr: 5.2.26-6.el10
    sourcerpm: bash-5.2.26-6.el10.src.rpm
  - url: https://cdn-ubi.redhat.com/content/public/ubi/dist/ubi10/10/x86_64/baseos/os/Packages/c/ca-certificates-2025.2.80_v9.0.305-102.el10_1.noarch.rpm
    repoid: ubi-10-for-x86_64-baseos-rpms
    size: 1168767
    checksum: sha256:34af1f6e677a37aa3f5900bf0af701dd652cd4e47f2a3f5abf5adba41b6c3949
    name: ca-certificates
    evr: 2025.2.80_v9.0.305-102.el10_1
    sourcerpm: ca-certificates-2025.2.80_v9.0.305-102.el10_1.src.rpm
  - url: https://cdn-ubi.redhat.com/content/public/ubi/dist/ubi10/10/x86_64/baseos/os/Packages/c/coreutils-9.5-6.el10.x86_64.rpm
    repoid: ubi-10-for-x86_64-baseos-rpms
    size: 1193588
    checksum: sha256:323269f4b44e7f7c93d5d8ff7bf2965e1f43dd81ec5cc63febfefdc8dd8b5866
    name: coreutils
    evr: 9.5-6.el10
    sourcerpm: coreutils-9.5-6.el10.src.rpm
  - url: https://cdn-ubi.redhat.com/content/public/ubi/dist/ubi10/10/x86_64/baseos/os/Packages/c/coreutils-common-9.5-6.el10.x86_64.rpm
    repoid: ubi-10-for-x86_64-baseos-rpms
    size: 2255019
    checksum: sha256:5c1d1facd49f79f5f16d4c691799c08bf4a3ace69677df2cd049a336ec03827b
    name: coreutils-common
    evr: 9.5-6.el10
    sourcerpm: coreutils-9.5-6.el10.src.rpm
  - url: https://cdn-ubi.redhat.com/content/public/ubi/dist/ubi10/10/x86_64/baseos/os/Packages/c/crypto-policies-20250905-2.gitc7eb7b2.el10_1.noarch.rpm
    repoid: ubi-10-for-x86_64-baseos-rpms
    size: 100673
    checksum: sha256:f12aa1c07ddbc7f6a10dbfcc890738574de55bfd95e5d0b21ac310d53e19f3e6
    name: crypto-policies
    evr: 20250905-2.gitc7eb7b2.el10_1
    sourcerpm: crypto-policies-20250905-2.gitc7eb7b2.el10_1.src.rpm
  - url: https://cdn-ubi.redhat.com/content/public/ubi/dist/ubi10/10/x86_64/baseos/os/Packages/e/expat-2.7.1-1.el10_1.3.x86_64.rpm
    repoid: ubi-10-for-x86_64-baseos-rpms
    size: 121498
    checksum: sha256:c13ff258c7e6487d23f10241ebda0774e81b8feee0fb44723b0fdf9a0811ef06
    name: expat
    evr: 2.7.1-1.el10_1.3
    sourcerpm: expat-2.7.1-1.el10_1.3.src.rpm
  - url: https://cdn-ubi.redhat.com/content/public/ubi/dist/ubi10/10/x86_64/baseos/os/Packages/f/filesystem-3.18-17.el10.x86_64.rpm
    repoid: ubi-10-for-x86_64-baseos-rpms
    size: 5009601
    checksum: sha256:97a57519650f2122b30a51db9a858d977e866f7f6f2b439548cd5b89422fe821
    name: filesystem
    evr: 3.18-17.el10
    sourcerpm: filesystem-3.18-17.el10.src.rpm
  - url: https://cdn-ubi.redhat.com/content/public/ubi/dist/ubi10/10/x86_64/baseos/os/Packages/f/findutils-4.10.0-5.el10.x86_64.rpm
    repoid: ubi-10-for-x86_64-baseos-rpms
    size: 568096
    checksum: sha256:5e55a857ccbe5a7878d5d60b70066d44cd5e51f63e38ff7a64b7462e9538fe30
    name: findutils
    evr: 1:4.10.0-5.el10
    sourcerpm: findutils-4.10.0-5.el10.src.rpm
  - url: https://cdn-ubi.redhat.com/content/public/ubi/dist/ubi10/10/x86_64/baseos/os/Packages/g/glibc-2.39-58.el10_1.2.x86_64.rpm
    repoid: ubi-10-for-x86_64-baseos-rpms
    size: 2213530
    checksum: sha256:bbad6d7b49869b3904038c8bcb1049889144c6979a32c000d66a3932b869bc17
    name: glibc
    evr: 2.39-58.el10_1.2
    sourcerpm: glibc-2.39-58.el10_1.2.src.rpm
  - url: https://cdn-ubi.redhat.com/content/public/ubi/dist/ubi10/10/x86_64/baseos/os/Packages/g/glibc-common-2.39-58.el10_1.2.x86_64.rpm
    repoid: ubi-10-for-x86_64-baseos-rpms
    size: 347613
    checksum: sha256:fec3de04a7ac83dd0b5f0724a8fe1fb987bbb6d40c340e2058f5365c765900b8
    name: glibc-common
    evr: 2.39-58.el10_1.2
    sourcerpm: glibc-2.39-58.el10_1.2.src.rpm
  - url: https://cdn-ubi.redhat.com/content/public/ubi/dist/ubi10/10/x86_64/baseos/os/Packages/g/glibc-minimal-langpack-2.39-58.el10_1.2.x86_64.rpm
    repoid: ubi-10-for-x86_64-baseos-rpms
    size: 46001
    checksum: sha256:595eb6ca0f1b5883abeef49736d226bf13e4703bfbdbf13e5a12ff3563919c72
    name: glibc-minimal-langpack
    evr: 2.39-58.el10_1.2
    sourcerpm: glibc-2.39-58.el10_1.2.src.rpm
  - url: https://cdn-ubi.redhat.com/content/public/ubi/dist/ubi10/10/x86_64/baseos/os/Packages/g/gmp-6.2.1-12.el10.x86_64.rpm
    repoid: ubi-10-for-x86_64-baseos-rpms
    size: 326101
    checksum: sha256:131e581b44ccbb50ab681733e33e66945ad25ebea8f97c1a448b5e1edd9fb390
    name: gmp
    evr: 1:6.2.1-12.el10
    sourcerpm: gmp-6.2.1-12.el10.src.rpm
  - url: https://cdn-ubi.redhat.com/content/public/ubi/dist/ubi10/10/x86_64/baseos/os/Packages/g/grep-3.11-10.el10.x86_64.rpm
    repoid: ubi-10-for-x86_64-baseos-rpms
    size: 312193
    checksum: sha256:a1ae83808b43411db9adf15a055a8305888304e6b50dff672df221792dd4bf87
    name: grep
    evr: 3.11-10.el10
    sourcerpm: grep-3.11-10.el10.src.rpm
  - url: https://cdn-ubi.redhat.com/content/public/ubi/dist/ubi10/10/x86_64/baseos/os/Packages/l/libacl-2.3.2-4.el10.x86_64.rpm
    repoid: ubi-10-for-x86_64-baseos-rpms
    size: 27231
    checksum: sha256:5885e10376678dbaa9b63bdd68d021fe6e14ee38a22dc5dd096c8e321e858175
    name: libacl
    evr: 2.3.2-4.el10
    sourcerpm: acl-2.3.2-4.el10.src.rpm
  - url: https://cdn-ubi.redhat.com/content/public/ubi/dist/ubi10/10/x86_64/baseos/os/Packages/l/libattr-2.5.2-5.el10.x86_64.rpm
    repoid: ubi-10-for-x86_64-baseos-rpms
    size: 20986
    checksum: sha256:2c6f5c350c7b87d4afda4fd1af8b6958564729da6c2e0bf9845b8cac5777fc45
    name: libattr
    evr: 2.5.2-5.el10
    sourcerpm: attr-2.5.2-5.el10.src.rpm
  - url: https://cdn-ubi.redhat.com/content/public/ubi/dist/ubi10/10/x86_64/baseos/os/Packages/l/libcap-2.69-7.el10.x86_64.rpm
    repoid: ubi-10-for-x86_64-baseos-rpms
    size: 97329
    checksum: sha256:1346e9d48037ac9c409e7360a04e83962e6d5aefef3c56a4e20f1f17fc770d48
    name: libcap
    evr: 2.69-7.el10
    sourcerpm: libcap-2.69-7.el10.src.rpm
  - url: https://cdn-ubi.redhat.com/content/public/ubi/dist/ubi10/10/x86_64/baseos/os/Packages/l/libcap-ng-0.8.4-6.el10.x86_64.rpm
    repoid: ubi-10-for-x86_64-baseos-rpms
    size: 36851
    checksum: sha256:7c7d049f3e8cf99cef23063631598b3fb10eaaf16e6f35c6a0269c73ab987a36
    name: libcap-ng
    evr: 0.8.4-6.el10
    sourcerpm: libcap-ng-0.8.4-6.el10.src.rpm
  - url: https://cdn-ubi.redhat.com/content/public/ubi/dist/ubi10/10/x86_64/baseos/os/Packages/l/libeconf-0.6.2-4.el10.x86_64.rpm
    repoid: ubi-10-for-x86_64-baseos-rpms
    size: 36745
    checksum: sha256:a8f5889413d081126b82c25a4552063cdab6918afd6836e70c7e1c59ae5857a7
    name: libeconf
    evr: 0.6.2-4.el10
    sourcerpm: libeconf-0.6.2-4.el10.src.rpm
  - url: https://cdn-ubi.redhat.com/content/public/ubi/dist/ubi10/10/x86_64/baseos/os/Packages/l/libffi-3.4.4-10.el10.x86_64.rpm
    repoid: ubi-10-for-x86_64-baseos-rpms
    size: 41615
    checksum: sha256:b15814ae52e709480c797e5b5bbbc77f25e8483b3518c7997c201291b91fb928
    name: libffi
    evr: 3.4.4-10.el10
    sourcerpm: libffi-3.4.4-10.el10.src.rpm
  - url: https://cdn-ubi.redhat.com/content/public/ubi/dist/ubi10/10/x86_64/baseos/os/Packages/l/libgcc-14.3.1-2.1.el10.x86_64.rpm
    repoid: ubi-10-for-x86_64-baseos-rpms
    size: 148710
    checksum: sha256:40fb773131c0b5f5e9d46c9eddca87315bb84660463b26a3bb5d37dbfaaae13b
    name: libgcc
    evr: 14.3.1-2.1.el10
    sourcerpm: gcc-14.3.1-2.1.el10.src.rpm
  - url: https://cdn-ubi.redhat.com/content/public/ubi/dist/ubi10/10/x86_64/baseos/os/Packages/l/libselinux-3.9-1.el10.x86_64.rpm
    repoid: ubi-10-for-x86_64-baseos-rpms
    size: 99621
    checksum: sha256:f5778b432d5601e9eab9a54a36ca7835c5e1d374a75e207f458732fe959d19b2
    name: libselinux
    evr: 3.9-1.el10
    sourcerpm: libselinux-3.9-1.el10.src.rpm
  - url: https://cdn-ubi.redhat.com/content/public/ubi/dist/ubi10/10/x86_64/baseos/os/Packages/l/libsepol-3.9-1.el10.x86_64.rpm
    repoid: ubi-10-for-x86_64-baseos-rpms
    size: 356305
    checksum: sha256:f7048e4777a05e1f4edc50e69149c8850fbb0463b8c21b6e6519a1c3f523ad89
    name: libsepol
    evr: 3.9-1.el10
    sourcerpm: libsepol-3.9-1.el10.src.rpm
  - url: https://cdn-ubi.redhat.com/content/public/ubi/dist/ubi10/10/x86_64/baseos/os/Packages/l/libtasn1-4.20.0-1.el10.x86_64.rpm
    repoid: ubi-10-for-x86_64-baseos-rpms
    size: 79987
    checksum: sha256:1d0ec1c9db856980ce12f5d0e6eaaaea7a7087a0f36db7e2d4a95d060417ffc8
    name: libtasn1
    evr: 4.20.0-1.el10
    sourcerpm: libtasn1-4.20.0-1.el10.src.rpm
  - url: https://cdn-ubi.redhat.com/content/public/ubi/dist/ubi10/10/x86_64/baseos/os/Packages/l/libuuid-2.40.2-13.el10.x86_64.rpm
    repoid: ubi-10-for-x86_64-baseos-rpms
    size: 28885
    checksum: sha256:cf7349d2a9d43867a75b22d638f6cb87c554530524f5d5a282dac7c8334fb06b
    name: libuuid
    evr: 2.40.2-13.el10
    sourcerpm: util-linux-2.40.2-13.el10.src.rpm
  - url: https://cdn-ubi.redhat.com/content/public/ubi/dist/ubi10/10/x86_64/baseos/os/Packages/l/libxcrypt-4.4.36-10.el10.x86_64.rpm
    repoid: ubi-10-for-x86_64-baseos-rpms
    size: 127002
    checksum: sha256:aaf3d1f7a232c9e583d6c52904c9b640e0dd3de4be80219eab0de3d66601dac4
    name: libxcrypt
    evr: 4.4.36-10.el10
    sourcerpm: libxcrypt-4.4.36-10.el10.src.rpm
  - url: https://cdn-ubi.redhat.com/content/public/ubi/dist/ubi10/10/x86_64/baseos/os/Packages/n/ncurses-base-6.4-14.20240127.el10.noarch.rpm
    repoid: ubi-10-for-x86_64-baseos-rpms
    size: 106442
    checksum: sha256:24e540fa938e42ca719fd4546490d950a402c14c09c7ada465a123c4f5fc13b4
    name: ncurses-base
    evr: 6.4-14.20240127.el10
    sourcerpm: ncurses-6.4-14.20240127.el10.src.rpm
  - url: https://cdn-ubi.redhat.com/content/public/ubi/dist/ubi10/10/x86_64/baseos/os/Packages/n/ncurses-libs-6.4-14.20240127.el10.x86_64.rpm
    repoid: ubi-10-for-x86_64-baseos-rpms
    size: 350616
    checksum: sha256:30537897b9b75bf39efee7f7f1a4a36304b5aed6ac70549f42558974df653286
    name: ncurses-libs
    evr: 6.4-14.20240127.el10
    sourcerpm: ncurses-6.4-14.20240127.el10.src.rpm
  - url: https://cdn-ubi.redhat.com/content/public/ubi/dist/ubi10/10/x86_64/baseos/os/Packages/o/openssl-fips-provider-3.0.7-8.el10.x86_64.rpm
    repoid: ubi-10-for-x86_64-baseos-rpms
    size: 9389
    checksum: sha256:65a8c1f004534187d0c017f90673c2cac9a9b8e4ee66ac756e7d6b569405dbde
    name: openssl-fips-provider
    evr: 3.0.7-8.el10
    sourcerpm: openssl-fips-provider-3.0.7-8.el10.src.rpm
  - url: https://cdn-ubi.redhat.com/content/public/ubi/dist/ubi10/10/x86_64/baseos/os/Packages/o/openssl-fips-provider-so-3.0.7-8.el10.x86_64.rpm
    repoid: ubi-10-for-x86_64-baseos-rpms
    size: 589757
    checksum: sha256:eb05e457e3dd598c73f40dd7d08aa974e587e70d3ed04c35e62c269b79533a14
    name: openssl-fips-provider-so
    evr: 3.0.7-8.el10
    sourcerpm: openssl-fips-provider-3.0.7-8.el10.src.rpm
  - url: https://cdn-ubi.redhat.com/content/public/ubi/dist/ubi10/10/x86_64/baseos/os/Packages/o/openssl-libs-3.5.1-4.el10_1.x86_64.rpm
    repoid: ubi-10-for-x86_64-baseos-rpms
    size: 2363070
    checksum: sha256:ceb8783825023a1575bc261fc6fa413bda6a8b90da81d0f6e6244e6b9c2a014a
    name: openssl-libs
    evr: 1:3.5.1-4.el10_1
    sourcerpm: openssl-3.5.1-4.el10_1.src.rpm
  - url: https://cdn-ubi.redhat.com/content/public/ubi/dist/ubi10/10/x86_64/baseos/os/Packages/p/p11-kit-0.25.5-7.el10.x86_64.rpm
    repoid: ubi-10-for-x86_64-baseos-rpms
    size: 513179
    checksum: sha256:c5658125312b395a61ffa917280b17e202d7a4034ccb6b518536922afe2daef2
    name: p11-kit
    evr: 0.25.5-7.el10
    sourcerpm: p11-kit-0.25.5-7.el10.src.rpm
  - url: https://cdn-ubi.redhat.com/content/public/ubi/dist/ubi10/10/x86_64/baseos/os/Packages/p/p11-kit-trust-0.25.5-7.el10.x86_64.rpm
    repoid: ubi-10-for-x86_64-baseos-rpms
    size: 140297
    checksum: sha256:6e7f94ae7ece5dbfd0979af827f2766684c0a73e8dba7c40a0ddffbf145dc5fb
    name: p11-kit-trust
    evr: 0.25.5-7.el10
    sourcerpm: p11-kit-0.25.5-7.el10.src.rpm
  - url: https://cdn-ubi.redhat.com/content/public/ubi/dist/ubi10/10/x86_64/baseos/os/Packages/p/pam-libs-1.6.1-8.el10.x86_64.rpm
    repoid: ubi-10-for-x86_64-baseos-rpms
    size: 59039
    checksum: sha256:8afbaa7ed5d2cc9b74960805150ae283fdcbcab5587f12ebc5437f0b34127a8d
    name: pam-libs
    evr: 1.6.1-8.el10
    sourcerpm: pam-1.6.1-8.el10.src.rpm
  - url: https://cdn-ubi.redhat.com/content/public/ubi/dist/ubi10/10/x86_64/baseos/os/Packages/p/pcre2-10.44-1.el10.3.x86_64.rpm
    repoid: ubi-10-for-x86_64-baseos-rpms
    size: 256297
    checksum: sha256:1b4c52325417a847464b82959e4f1ab6a18f58ef557100efc665ffe9fdc31ea6
    name: pcre2
    evr: 10.44-1.el10.3
    sourcerpm: pcre2-10.44-1.el10.3.src.rpm
  - url: https://cdn-ubi.redhat.com/content/public/ubi/dist/ubi10/10/x86_64/baseos/os/Packages/p/pcre2-syntax-10.44-1.el10.3.noarch.rpm
    repoid: ubi-10-for-x86_64-baseos-rpms
    size: 158318
    checksum: sha256:90ef3f7147bd86134dcd93182e6cb7d02da42d313643b9a8700e542e9ad7e5fb
    name: pcre2-syntax
    evr: 10.44-1.el10.3
    sourcerpm: pcre2-10.44-1.el10.3.src.rpm
  - url: https://cdn-ubi.redhat.com/content/public/ubi/dist/ubi10/10/x86_64/baseos/os/Packages/r/redhat-release-10.1-18.el10.x86_64.rpm
    repoid: ubi-10-for-x86_64-baseos-rpms
    size: 61967
    checksum: sha256:f19defae165ba4dbcd680d90396df27562f3d15f2521b5f3c78f90b8636c9dab
    name: redhat-release
    evr: 10.1-18.el10
    sourcerpm: redhat-release-10.1-18.el10.src.rpm
  - url: https://cdn-ubi.redhat.com/content/public/ubi/dist/ubi10/10/x86_64/baseos/os/Packages/s/sed-4.9-3.el10.x86_64.rpm
    repoid: ubi-10-for-x86_64-baseos-rpms
    size: 329802
    checksum: sha256:2e1440754395a1a211624ad3f46ae1e525bbceb0b14f7f3be1a4e9d4d6e799ae
    name: sed
    evr: 4.9-3.el10
    sourcerpm: sed-4.9-3.el10.src.rpm
  - url: https://cdn-ubi.redhat.com/content/public/ubi/dist/ubi10/10/x86_64/baseos/os/Packages/s/setup-2.14.5-7.el10.noarch.rpm
    repoid: ubi-10-for-x86_64-baseos-rpms
    size: 156772
    checksum: sha256:206fae73656417891f2c73570c1b3599044de31559e6060b62cc72e755c55ee4
    name: setup
    evr: 2.14.5-7.el10
    sourcerpm: setup-2.14.5-7.el10.src.rpm
  - url: https://cdn-ubi.redhat.com/content/public/ubi/dist/ubi10/10/x86_64/baseos/os/Packages/z/zlib-ng-compat-2.2.3-2.el10.x86_64.rpm
    repoid: ubi-10-for-x86_64-baseos-rpms
    size: 80998
    checksum: sha256:0deef05b746413f61b147ac6de7729c27bfba1c0712e9c525025ab71d2193ac0
    name: zlib-ng-compat
    evr: 2.2.3-2.el10
    sourcerpm: zlib-ng-2.2.3-2.el10.src.rpm
  source: []
  module_metadata: []
